
Microsoft Visual Studio Solution File, Format Version 12.00
# Visual Studio Version 17
VisualStudioVersion = 17.2.32505.173
MinimumVisualStudioVersion = 10.0.40219.1
Project("{9A19103F-16F7-4668-BE54-9A1E7A4F7556}") = "WebApplication2", "WebApplication2\WebApplication2.csproj", "{1405A1D3-483A-4EDA-B838-6F611841ACC0}"
EndProject
Project("{FAE04EC0-301F-11D3-BF4B-00C04F79EFBC}") = "WebApplication2.Tests", "WebApplication2.Tests\WebApplication2.Tests.csproj", "{197CEDCE-DFB1-480B-9256-916042E81C2F}"
EndProject
Global
	GlobalSection(SolutionConfigurationPlatforms) = preSolution
		Debug|Any CPU = Debug|Any CPU
		Release|Any CPU = Release|Any CPU
	EndGlobalSection
	GlobalSection(ProjectConfigurationPlatforms) = postSolution
		{1405A1D3-483A-4EDA-B838-6F611841ACC0}.Debug|Any CPU.ActiveCfg = Debug|Any CPU
		{1405A1D3-483A-4EDA-B838-6F611841ACC0}.Debug|Any CPU.Build.0 = Debug|Any CPU
		{1405A1D3-483A-4EDA-B838-6F611841ACC0}.Release|Any CPU.ActiveCfg = Release|Any CPU
		{1405A1D3-483A-4EDA-B838-6F611841ACC0}.Release|Any CPU.Build.0 = Release|Any CPU
		{197CEDCE-DFB1-480B-9256-916042E81C2F}.Debug|Any CPU.ActiveCfg = Debug|Any CPU
		{197CEDCE-DFB1-480B-9256-916042E81C2F}.Debug|Any CPU.Build.0 = Debug|Any CPU
		{197CEDCE-DFB1-480B-9256-916042E81C2F}.Release|Any CPU.ActiveCfg = Release|Any CPU
		{197CEDCE-DFB1-480B-9256-916042E81C2F}.Release|Any CPU.Build.0 = Release|Any CPU
	EndGlobalSection
	GlobalSection(SolutionProperties) = preSolution
		HideSolutionNode = FALSE
	EndGlobalSection
	GlobalSection(ExtensibilityGlobals) = postSolution
		SolutionGuid = {9A9664F4-3928-454B-BFC8-E670DD661F97}
	EndGlobalSection
EndGlobal
